
Microsoft Visual Studio Solution File, Format Version 12.00
# Visual Studio Version 17
VisualStudioVersion = 17.4.33213.308
MinimumVisualStudioVersion = 10.0.40219.1
Project("{FAE04EC0-301F-11D3-BF4B-00C04F79EFBC}") = "ChatGPTApp", "ChatGPTApp.csproj", "{F6314413-E273-45E2-913B-C06D54F0AC43}"
EndProject
Global
	GlobalSection(SolutionConfigurationPlatforms) = preSolution
		Debug|Any CPU = Debug|Any CPU
		Release|Any CPU = Release|Any CPU
	EndGlobalSection
	GlobalSection(ProjectConfigurationPlatforms) = postSolution
		{F6314413-E273-45E2-913B-C06D54F0AC43}.Debug|Any CPU.ActiveCfg = Debug|Any CPU
		{F6314413-E273-45E2-913B-C06D54F0AC43}.Debug|Any CPU.Build.0 = Debug|Any CPU
		{F6314413-E273-45E2-913B-C06D54F0AC43}.Release|Any CPU.ActiveCfg = Release|Any CPU
		{F6314413-E273-45E2-913B-C06D54F0AC43}.Release|Any CPU.Build.0 = Release|Any CPU
	EndGlobalSection
	GlobalSection(SolutionProperties) = preSolution
		HideSolutionNode = FALSE
	EndGlobalSection
	GlobalSection(ExtensibilityGlobals) = postSolution
		SolutionGuid = {142B5BD9-34EC-4E97-99D4-7349A976FB06}
	EndGlobalSection
EndGlobal
